
Microsoft Visual Studio Solution File, Format Version 12.00
Project("{FAE04EC0-301F-11D3-BF4B-00C04F79EFBC}") = "PokemonReview", "PokemonReview\PokemonReview.csproj", "{4FCA084E-FFA2-4507-BA3C-238DF4A91E4F}"
EndProject
Global
	GlobalSection(SolutionConfigurationPlatforms) = preSolution
		Debug|Any CPU = Debug|Any CPU
		Release|Any CPU = Release|Any CPU
	EndGlobalSection
	GlobalSection(ProjectConfigurationPlatforms) = postSolution
		{4FCA084E-FFA2-4507-BA3C-238DF4A91E4F}.Debug|Any CPU.ActiveCfg = Debug|Any CPU
		{4FCA084E-FFA2-4507-BA3C-238DF4A91E4F}.Debug|Any CPU.Build.0 = Debug|Any CPU
		{4FCA084E-FFA2-4507-BA3C-238DF4A91E4F}.Release|Any CPU.ActiveCfg = Release|Any CPU
		{4FCA084E-FFA2-4507-BA3C-238DF4A91E4F}.Release|Any CPU.Build.0 = Release|Any CPU
	EndGlobalSection
EndGlobal
